
Microsoft Visual Studio Solution File, Format Version 12.00
# Visual Studio 14
VisualStudioVersion = 14.0.23107.0
MinimumVisualStudioVersion = 10.0.40219.1
Project("{FAE04EC0-301F-11D3-BF4B-00C04F79EFBC}") = "ADB_File_Explorer", "ADB_File_Explorer\ADB_File_Explorer.csproj", "{0571E588-DD0F-422A-A7E3-43F6C91E5D7C}"
EndProject
Project("{FAE04EC0-301F-11D3-BF4B-00C04F79EFBC}") = "ADB.net", "ADB.net\ADB.net.csproj", "{4D6FE873-DF04-4C85-8A15-6BF7BC6B83E9}"
EndProject
Global
	GlobalSection(SolutionConfigurationPlatforms) = preSolution
		Debug|Any CPU = Debug|Any CPU
		Release|Any CPU = Release|Any CPU
	EndGlobalSection
	GlobalSection(ProjectConfigurationPlatforms) = postSolution
		{0571E588-DD0F-422A-A7E3-43F6C91E5D7C}.Debug|Any CPU.ActiveCfg = Debug|Any CPU
		{0571E588-DD0F-422A-A7E3-43F6C91E5D7C}.Debug|Any CPU.Build.0 = Debug|Any CPU
		{0571E588-DD0F-422A-A7E3-43F6C91E5D7C}.Release|Any CPU.ActiveCfg = Release|Any CPU
		{0571E588-DD0F-422A-A7E3-43F6C91E5D7C}.Release|Any CPU.Build.0 = Release|Any CPU
		{4D6FE873-DF04-4C85-8A15-6BF7BC6B83E9}.Debug|Any CPU.ActiveCfg = Debug|Any CPU
		{4D6FE873-DF04-4C85-8A15-6BF7BC6B83E9}.Debug|Any CPU.Build.0 = Debug|Any CPU
		{4D6FE873-DF04-4C85-8A15-6BF7BC6B83E9}.Release|Any CPU.ActiveCfg = Release|Any CPU
		{4D6FE873-DF04-4C85-8A15-6BF7BC6B83E9}.Release|Any CPU.Build.0 = Release|Any CPU
	EndGlobalSection
	GlobalSection(SolutionProperties) = preSolution
		HideSolutionNode = FALSE
	EndGlobalSection
EndGlobal
